{
  "name": "Frontend",
  "lockfileVersion": 3,
  "requires": true,
  "packages": {
    "": {
      "devDependencies": {
        "@vue/tsconfig": "^0.7.0"
      }
    },
    "node_modules/@vue/tsconfig": {
      "version": "0.7.0",
      "resolved": "https://registry.npmjs.org/@vue/tsconfig/-/tsconfig-0.7.0.tgz",
      "integrity": "sha512-ku2uNz5MaZ9IerPPUyOHzyjhXoX2kVJaVf7hL315DC17vS6IiZRmmCPfggNbU16QTvM80+uYYy3eYJB59WCtvg==",
      "dev": true,
      "license": "MIT",
      "peerDependencies": {
        "typescript": "5.x",
        "vue": "^3.4.0"
      },
      "peerDependenciesMeta": {
        "typescript": {
          "optional": true
        },
        "vue": {
          "optional": true
        }
      }
    }
  }
}
